
Microsoft Visual Studio Solution File, Format Version 12.00
# Visual Studio Version 17
VisualStudioVersion = 17.1.32210.238
MinimumVisualStudioVersion = 10.0.40219.1
Project("{FAE04EC0-301F-11D3-BF4B-00C04F79EFBC}") = "Movies.API", "Movies.API\Movies.API.csproj", "{AFD791E0-C38B-4EE7-AABA-F2FAF146D5EB}"
EndProject
Global
	GlobalSection(SolutionConfigurationPlatforms) = preSolution
		Debug|Any CPU = Debug|Any CPU
		Release|Any CPU = Release|Any CPU
	EndGlobalSection
	GlobalSection(ProjectConfigurationPlatforms) = postSolution
		{AFD791E0-C38B-4EE7-AABA-F2FAF146D5EB}.Debug|Any CPU.ActiveCfg = Debug|Any CPU
		{AFD791E0-C38B-4EE7-AABA-F2FAF146D5EB}.Debug|Any CPU.Build.0 = Debug|Any CPU
		{AFD791E0-C38B-4EE7-AABA-F2FAF146D5EB}.Release|Any CPU.ActiveCfg = Release|Any CPU
		{AFD791E0-C38B-4EE7-AABA-F2FAF146D5EB}.Release|Any CPU.Build.0 = Release|Any CPU
	EndGlobalSection
	GlobalSection(SolutionProperties) = preSolution
		HideSolutionNode = FALSE
	EndGlobalSection
	GlobalSection(ExtensibilityGlobals) = postSolution
		SolutionGuid = {A184FEB0-4511-46A9-AB68-360055EC4734}
	EndGlobalSection
EndGlobal
